<?xml version="1.0" encoding="utf-8"?>
<Project ToolsVersion="4.0" xmlns="http://schemas.microsoft.com/developer/msbuild/2003">
  <ItemGroup>
    <ClCompile Include="Game.cpp">
      <Filter>Source Files</Filter>
    </ClCompile>
    <ClCompile Include="GameManager.cpp">
      <Filter>Source Files</Filter>
    </ClCompile>
    <ClCompile Include="Main.cpp">
      <Filter>Source Files</Filter>
    </ClCompile>
    <ClCompile Include="Sprite.cpp">
      <Filter>Source Files</Filter>
    </ClCompile>
    <ClCompile Include="Tile.cpp">
      <Filter>Source Files</Filter>
    </ClCompile>
    <ClCompile Include="TileMap.cpp">
      <Filter>Source Files</Filter>
    </ClCompile>
    <ClCompile Include="TileSet.cpp">
      <Filter>Source Files</Filter>
    </ClCompile>
    <ClCompile Include="tinyxml2.cpp">
      <Filter>Source Files</Filter>
    </ClCompile>
    <ClCompile Include="GameStateManager.cpp">
      <Filter>Source Files</Filter>
    </ClCompile>
    <ClCompile Include="Menu.cpp">
      <Filter>Source Files</Filter>
    </ClCompile>
    <ClCompile Include="ButtonHandler.cpp">
      <Filter>Source Files</Filter>
    </ClCompile>
    <ClCompile Include="Button.cpp">
      <Filter>Source Files</Filter>
    </ClCompile>
    <ClCompile Include="EventManager.cpp">
      <Filter>Source Files</Filter>
    </ClCompile>
    <ClCompile Include="Scene.cpp">
      <Filter>Source Files</Filter>
    </ClCompile>
    <ClCompile Include="LobbyList.cpp">
      <Filter>Source Files\Menus</Filter>
    </ClCompile>
    <ClCompile Include="LoginScreen.cpp">
      <Filter>Source Files\Menus</Filter>
    </ClCompile>
    <ClCompile Include="MainMenu.cpp">
      <Filter>Source Files\Menus</Filter>
    </ClCompile>
    <ClCompile Include="Options.cpp">
      <Filter>Source Files\Menus</Filter>
    </ClCompile>
    <ClCompile Include="LoginButton.cpp">
      <Filter>Source Files\Buttons</Filter>
    </ClCompile>
    <ClCompile Include="LogoutButton.cpp">
      <Filter>Source Files\Buttons</Filter>
    </ClCompile>
    <ClCompile Include="PlayButton.cpp">
      <Filter>Source Files\Buttons</Filter>
    </ClCompile>
    <ClCompile Include="Label.cpp">
      <Filter>Source Files</Filter>
    </ClCompile>
    <ClCompile Include="TextInput.cpp">
      <Filter>Source Files</Filter>
    </ClCompile>
    <ClCompile Include="SceneHandler.cpp">
      <Filter>Source Files</Filter>
    </ClCompile>
    <ClCompile Include="SceneStateManager.cpp">
      <Filter>Source Files</Filter>
    </ClCompile>
    <ClCompile Include="Camera.cpp">
      <Filter>Source Files</Filter>
    </ClCompile>
    <ClCompile Include="TextHandler.cpp">
      <Filter>Source Files</Filter>
    </ClCompile>
    <ClCompile Include="SplashScreen.cpp">
      <Filter>Source Files\Menus</Filter>
    </ClCompile>
    <ClCompile Include="ServerButton.cpp">
      <Filter>Source Files\Buttons</Filter>
    </ClCompile>
    <ClCompile Include="TextSprite.cpp">
      <Filter>Source Files</Filter>
    </ClCompile>
    <ClCompile Include="SplashButton.cpp">
      <Filter>Source Files\Buttons</Filter>
    </ClCompile>
    <ClCompile Include="Profile.cpp">
      <Filter>Source Files</Filter>
    </ClCompile>
    <ClCompile Include="ClientAPI.cpp">
      <Filter>Source Files</Filter>
    </ClCompile>
    <ClCompile Include="Player.cpp">
      <Filter>Source Files</Filter>
    </ClCompile>
    <ClCompile Include="JoinButton.cpp">
      <Filter>Source Files\Buttons</Filter>
    </ClCompile>
    <ClCompile Include="Character.cpp">
      <Filter>Source Files</Filter>
    </ClCompile>
  </ItemGroup>
  <ItemGroup>
    <ClInclude Include="Game.h">
      <Filter>Header Files</Filter>
    </ClInclude>
    <ClInclude Include="GameManager.h">
      <Filter>Header Files</Filter>
    </ClInclude>
    <ClInclude Include="GameState.h">
      <Filter>Header Files</Filter>
    </ClInclude>
    <ClInclude Include="ITile.h">
      <Filter>Header Files</Filter>
    </ClInclude>
    <ClInclude Include="Sprite.h">
      <Filter>Header Files</Filter>
    </ClInclude>
    <ClInclude Include="Tile.h">
      <Filter>Header Files</Filter>
    </ClInclude>
    <ClInclude Include="TileMap.h">
      <Filter>Header Files</Filter>
    </ClInclude>
    <ClInclude Include="TileSet.h">
      <Filter>Header Files</Filter>
    </ClInclude>
    <ClInclude Include="tinyxml2.h">
      <Filter>Header Files</Filter>
    </ClInclude>
    <ClInclude Include="GameStateManager.h">
      <Filter>Header Files</Filter>
    </ClInclude>
    <ClInclude Include="IMenu.h">
      <Filter>Header Files</Filter>
    </ClInclude>
    <ClInclude Include="IGame.h">
      <Filter>Header Files</Filter>
    </ClInclude>
    <ClInclude Include="Menu.h">
      <Filter>Header Files</Filter>
    </ClInclude>
    <ClInclude Include="SList.h">
      <Filter>Header Files</Filter>
    </ClInclude>
    <ClInclude Include="ButtonHandler.h">
      <Filter>Header Files</Filter>
    </ClInclude>
    <ClInclude Include="Button.h">
      <Filter>Header Files</Filter>
    </ClInclude>
    <ClInclude Include="ITileMap.h">
      <Filter>Header Files</Filter>
    </ClInclude>
    <ClInclude Include="EventManager.h">
      <Filter>Header Files</Filter>
    </ClInclude>
    <ClInclude Include="GUIElement.h">
      <Filter>Header Files</Filter>
    </ClInclude>
    <ClInclude Include="Scene.h">
      <Filter>Header Files</Filter>
    </ClInclude>
    <ClInclude Include="MainMenu.h">
      <Filter>Header Files\Menus</Filter>
    </ClInclude>
    <ClInclude Include="LoginScreen.h">
      <Filter>Header Files\Menus</Filter>
    </ClInclude>
    <ClInclude Include="LobbyList.h">
      <Filter>Header Files\Menus</Filter>
    </ClInclude>
    <ClInclude Include="Options.h">
      <Filter>Header Files\Menus</Filter>
    </ClInclude>
    <ClInclude Include="LoginButton.h">
      <Filter>Header Files\Buttons</Filter>
    </ClInclude>
    <ClInclude Include="LogoutButton.h">
      <Filter>Header Files\Buttons</Filter>
    </ClInclude>
    <ClInclude Include="PlayButton.h">
      <Filter>Header Files\Buttons</Filter>
    </ClInclude>
    <ClInclude Include="Label.h">
      <Filter>Header Files</Filter>
    </ClInclude>
    <ClInclude Include="TextInput.h">
      <Filter>Header Files</Filter>
    </ClInclude>
    <ClInclude Include="SceneHandler.h">
      <Filter>Header Files</Filter>
    </ClInclude>
    <ClInclude Include="SceneStateManager.h">
      <Filter>Header Files</Filter>
    </ClInclude>
    <ClInclude Include="Camera.h">
      <Filter>Header Files</Filter>
    </ClInclude>
    <ClInclude Include="TextHandler.h">
      <Filter>Header Files</Filter>
    </ClInclude>
    <ClInclude Include="ICharacter.h">
      <Filter>Header Files</Filter>
    </ClInclude>
    <ClInclude Include="ICamera.h">
      <Filter>Header Files</Filter>
    </ClInclude>
    <ClInclude Include="SplashScreen.h">
      <Filter>Header Files\Menus</Filter>
    </ClInclude>
    <ClInclude Include="ServerButton.h">
      <Filter>Header Files\Buttons</Filter>
    </ClInclude>
    <ClInclude Include="TextSprite.h">
      <Filter>Header Files</Filter>
    </ClInclude>
    <ClInclude Include="SplashButton.h">
      <Filter>Header Files\Buttons</Filter>
    </ClInclude>
    <ClInclude Include="Profile.h">
      <Filter>Header Files</Filter>
    </ClInclude>
    <ClInclude Include="IScene.h">
      <Filter>Header Files</Filter>
    </ClInclude>
    <ClInclude Include="SceneState.h">
      <Filter>Header Files</Filter>
    </ClInclude>
    <ClInclude Include="PlayerState.h">
      <Filter>Header Files</Filter>
    </ClInclude>
    <ClInclude Include="ClientAPI.h">
      <Filter>Header Files</Filter>
    </ClInclude>
    <ClInclude Include="Player.h">
      <Filter>Header Files</Filter>
    </ClInclude>
    <ClInclude Include="JoinButton.h">
      <Filter>Header Files\Buttons</Filter>
    </ClInclude>
    <ClInclude Include="CharacterState.h">
      <Filter>Header Files</Filter>
    </ClInclude>
    <ClInclude Include="Character.h">
      <Filter>Header Files\Characters</Filter>
    </ClInclude>
    <ClInclude Include="Warrior.h">
      <Filter>Header Files\Characters</Filter>
    </ClInclude>
    <ClInclude Include="Archer.h">
      <Filter>Header Files\Characters</Filter>
    </ClInclude>
    <ClInclude Include="Rogue.h">
      <Filter>Header Files\Characters</Filter>
    </ClInclude>
    <ClInclude Include="Enemy.h">
      <Filter>Header Files\Characters</Filter>
    </ClInclude>
  </ItemGroup>
  <ItemGroup>
    <None Include="ClassDiagram.cd" />
  </ItemGroup>
  <ItemGroup>
    <Filter Include="Source Files">
      <UniqueIdentifier>{8d4e5ce9-58ba-448c-9b46-4b656f457fbe}</UniqueIdentifier>
      <Extensions>cpp;c;cc;cxx;def;odl;idl;hpj;bat;asm;asmx</Extensions>
    </Filter>
    <Filter Include="Header Files">
      <UniqueIdentifier>{526cbae5-1aa7-46c3-8fc0-32dc4a043685}</UniqueIdentifier>
      <Extensions>h;hpp;hxx;hm;inl;inc;xsd</Extensions>
    </Filter>
    <Filter Include="Header Files\Menus">
      <UniqueIdentifier>{7f10f9c1-be2a-4f0a-943c-643b004f5f6a}</UniqueIdentifier>
    </Filter>
    <Filter Include="Source Files\Menus">
      <UniqueIdentifier>{7b814197-808f-4af1-a7a2-d5423532eb1a}</UniqueIdentifier>
    </Filter>
    <Filter Include="Header Files\Buttons">
      <UniqueIdentifier>{68d2d045-9ba1-429c-81ef-e85199eebb89}</UniqueIdentifier>
    </Filter>
    <Filter Include="Source Files\Buttons">
      <UniqueIdentifier>{631ea59a-85fb-4b98-9373-bc1417e102c0}</UniqueIdentifier>
    </Filter>
    <Filter Include="Header Files\Characters">
      <UniqueIdentifier>{7465006a-88eb-4ba6-a7a4-7161f2948aef}</UniqueIdentifier>
    </Filter>
  </ItemGroup>
</Project>